// !$*UTF8*$!
{
	archiveVersion = 1;
	classes = {
	};
	objectVersion = 46;
	objects = {

/* Begin PBXBuildFile section */
		8A1EC6B81DDB619300316B60 /* AppDelegate.swift in Sources */ = {isa = PBXBuildFile; fileRef = 8A1EC6B71DDB619300316B60 /* AppDelegate.swift */; };
		8A1EC6BA1DDB619300316B60 /* ViewController.swift in Sources */ = {isa = PBXBuildFile; fileRef = 8A1EC6B91DDB619300316B60 /* ViewController.swift */; };
		8A1EC6BD1DDB619300316B60 /* Main.storyboard in Resources */ = {isa = PBXBuildFile; fileRef = 8A1EC6BB1DDB619300316B60 /* Main.storyboard */; };
		8A1EC6BF1DDB619300316B60 /* Assets.xcassets in Resources */ = {isa = PBXBuildFile; fileRef = 8A1EC6BE1DDB619300316B60 /* Assets.xcassets */; };
		8A1EC6C21DDB619300316B60 /* LaunchScreen.storyboard in Resources */ = {isa = PBXBuildFile; fileRef = 8A1EC6C01DDB619300316B60 /* LaunchScreen.storyboard */; };
		8A1EC6CD1DDB619300316B60 /* despensafacilxTests.swift in Sources */ = {isa = PBXBuildFile; fileRef = 8A1EC6CC1DDB619300316B60 /* despensafacilxTests.swift */; };
		8A1EC6D81DDB619300316B60 /* despensafacilxUITests.swift in Sources */ = {isa = PBXBuildFile; fileRef = 8A1EC6D71DDB619300316B60 /* despensafacilxUITests.swift */; };
/* End PBXBuildFile section */

/* Begin PBXContainerItemProxy section */
		8A1EC6C91DDB619300316B60 /* PBXContainerItemProxy */ = {
			isa = PBXContainerItemProxy;
			containerPortal = 8A1EC6AC1DDB619300316B60 /* Project object */;
			proxyType = 1;
			remoteGlobalIDString = 8A1EC6B31DDB619300316B60;
			remoteInfo = despensafacilx;
		};
		8A1EC6D41DDB619300316B60 /* PBXContainerItemProxy */ = {
			isa = PBXContainerItemProxy;
			containerPortal = 8A1EC6AC1DDB619300316B60 /* Project object */;
			proxyType = 1;
			remoteGlobalIDString = 8A1EC6B31DDB619300316B60;
			remoteInfo = despensafacilx;
		};
/* End PBXContainerItemProxy section */

/* Begin PBXFileReference section */
		8A1EC6B41DDB619300316B60 /* despensafacilx.app */ = {isa = PBXFileReference; explicitFileType = wrapper.application; includeInIndex = 0; path = despensafacilx.app; sourceTree = BUILT_PRODUCTS_DIR; };
		8A1EC6B71DDB619300316B60 /* AppDelegate.swift */ = {isa = PBXFileReference; lastKnownFileType = sourcecode.swift; path = AppDelegate.swift; sourceTree = "<group>"; };
		8A1EC6B91DDB619300316B60 /* ViewController.swift */ = {isa = PBXFileReference; lastKnownFileType = sourcecode.swift; path = ViewController.swift; sourceTree = "<group>"; };
		8A1EC6BC1DDB619300316B60 /* Base */ = {isa = PBXFileReference; lastKnownFileType = file.storyboard; name = Base; path = Base.lproj/Main.storyboard; sourceTree = "<group>"; };
		8A1EC6BE1DDB619300316B60 /* Assets.xcassets */ = {isa = PBXFileReference; lastKnownFileType = folder.assetcatalog; path = Assets.xcassets; sourceTree = "<group>"; };
		8A1EC6C11DDB619300316B60 /* Base */ = {isa = PBXFileReference; lastKnownFileType = file.storyboard; name = Base; path = Base.lproj/LaunchScreen.storyboard; sourceTree = "<group>"; };
		8A1EC6C31DDB619300316B60 /* Info.plist */ = {isa = PBXFileReference; lastKnownFileType = text.plist.xml; path = Info.plist; sourceTree = "<group>"; };
		8A1EC6C81DDB619300316B60 /* despensafacilxTests.xctest */ = {isa = PBXFileReference; explicitFileType = wrapper.cfbundle; includeInIndex = 0; path = despensafacilxTests.xctest; sourceTree = BUILT_PRODUCTS_DIR; };
		8A1EC6CC1DDB619300316B60 /* despensafacilxTests.swift */ = {isa = PBXFileReference; lastKnownFileType = sourcecode.swift; path = despensafacilxTests.swift; sourceTree = "<group>"; };
		8A1EC6CE1DDB619300316B60 /* Info.plist */ = {isa = PBXFileReference; lastKnownFileType = text.plist.xml; path = Info.plist; sourceTree = "<group>"; };
		8A1EC6D31DDB619300316B60 /* despensafacilxUITests.xctest */ = {isa = PBXFileReference; explicitFileType = wrapper.cfbundle; includeInIndex = 0; path = despensafacilxUITests.xctest; sourceTree = BUILT_PRODUCTS_DIR; };
		8A1EC6D71DDB619300316B60 /* despensafacilxUITests.swift */ = {isa = PBXFileReference; lastKnownFileType = sourcecode.swift; path = despensafacilxUITests.swift; sourceTree = "<group>"; };
		8A1EC6D91DDB619300316B60 /* Info.plist */ = {isa = PBXFileReference; lastKnownFileType = text.plist.xml; path = Info.plist; sourceTree = "<group>"; };
/* End PBXFileReference section */

/* Begin PBXFrameworksBuildPhase section */
		8A1EC6B11DDB619300316B60 /* Frameworks */ = {
			isa = PBXFrameworksBuildPhase;
			buildActionMask = 2147483647;
			files = (
			);
			runOnlyForDeploymentPostprocessing = 0;
		};
		8A1EC6C51DDB619300316B60 /* Frameworks */ = {
			isa = PBXFrameworksBuildPhase;
			buildActionMask = 2147483647;
			files = (
			);
			runOnlyForDeploymentPostprocessing = 0;
		};
		8A1EC6D01DDB619300316B60 /* Frameworks */ = {
			isa = PBXFrameworksBuildPhase;
			buildActionMask = 2147483647;
			files = (
			);
			runOnlyForDeploymentPostprocessing = 0;
		};
/* End PBXFrameworksBuildPhase section */

/* Begin PBXGroup section */
		8A1EC6AB1DDB619300316B60 = {
			isa = PBXGroup;
			children = (
				8A1EC6B61DDB619300316B60 /* despensafacilx */,
				8A1EC6CB1DDB619300316B60 /* despensafacilxTests */,
				8A1EC6D61DDB619300316B60 /* despensafacilxUITests */,
				8A1EC6B51DDB619300316B60 /* Products */,
			);
			sourceTree = "<group>";
		};
		8A1EC6B51DDB619300316B60 /* Products */ = {
			isa = PBXGroup;
			children = (
				8A1EC6B41DDB619300316B60 /* despensafacilx.app */,
				8A1EC6C81DDB619300316B60 /* despensafacilxTests.xctest */,
				8A1EC6D31DDB619300316B60 /* despensafacilxUITests.xctest */,
			);
			name = Products;
			sourceTree = "<group>";
		};
		8A1EC6B61DDB619300316B60 /* despensafacilx */ = {
			isa = PBXGroup;
			children = (
				8A1EC6B71DDB619300316B60 /* AppDelegate.swift */,
				8A1EC6B91DDB619300316B60 /* ViewController.swift */,
				8A1EC6BB1DDB619300316B60 /* Main.storyboard */,
				8A1EC6BE1DDB619300316B60 /* Assets.xcassets */,
				8A1EC6C01DDB619300316B60 /* LaunchScreen.storyboard */,
				8A1EC6C31DDB619300316B60 /* Info.plist */,
			);
			path = despensafacilx;
			sourceTree = "<group>";
		};
		8A1EC6CB1DDB619300316B60 /* despensafacilxTests */ = {
			isa = PBXGroup;
			children = (
				8A1EC6CC1DDB619300316B60 /* despensafacilxTests.swift */,
				8A1EC6CE1DDB619300316B60 /* Info.plist */,
			);
			path = despensafacilxTests;
			sourceTree = "<group>";
		};
		8A1EC6D61DDB619300316B60 /* despensafacilxUITests */ = {
			isa = PBXGroup;
			children = (
				8A1EC6D71DDB619300316B60 /* despensafacilxUITests.swift */,
				8A1EC6D91DDB619300316B60 /* Info.plist */,
			);
			path = despensafacilxUITests;
			sourceTree = "<group>";
		};
/* End PBXGroup section */

/* Begin PBXNativeTarget section */
		8A1EC6B31DDB619300316B60 /* despensafacilx */ = {
			isa = PBXNativeTarget;
			buildConfigurationList = 8A1EC6DC1DDB619300316B60 /* Build configuration list for PBXNativeTarget "despensafacilx" */;
			buildPhases = (
				8A1EC6B01DDB619300316B60 /* Sources */,
				8A1EC6B11DDB619300316B60 /* Frameworks */,
				8A1EC6B21DDB619300316B60 /* Resources */,
			);
			buildRules = (
			);
			dependencies = (
			);
			name = despensafacilx;
			productName = despensafacilx;
			productReference = 8A1EC6B41DDB619300316B60 /* despensafacilx.app */;
			productType = "com.apple.product-type.application";
		};
		8A1EC6C71DDB619300316B60 /* despensafacilxTests */ = {
			isa = PBXNativeTarget;
			buildConfigurationList = 8A1EC6DF1DDB619300316B60 /* Build configuration list for PBXNativeTarget "despensafacilxTests" */;
			buildPhases = (
				8A1EC6C41DDB619300316B60 /* Sources */,
				8A1EC6C51DDB619300316B60 /* Frameworks */,
				8A1EC6C61DDB619300316B60 /* Resources */,
			);
			buildRules = (
			);
			dependencies = (
				8A1EC6CA1DDB619300316B60 /* PBXTargetDependency */,
			);
			name = despensafacilxTests;
			productName = despensafacilxTests;
			productReference = 8A1EC6C81DDB619300316B60 /* despensafacilxTests.xctest */;
			productType = "com.apple.product-type.bundle.unit-test";
		};
		8A1EC6D21DDB619300316B60 /* despensafacilxUITests */ = {
			isa = PBXNativeTarget;
			buildConfigurationList = 8A1EC6E21DDB619300316B60 /* Build configuration list for PBXNativeTarget "despensafacilxUITests" */;
			buildPhases = (
				8A1EC6CF1DDB619300316B60 /* Sources */,
				8A1EC6D01DDB619300316B60 /* Frameworks */,
				8A1EC6D11DDB619300316B60 /* Resources */,
			);
			buildRules = (
			);
			dependencies = (
				8A1EC6D51DDB619300316B60 /* PBXTargetDependency */,
			);
			name = despensafacilxUITests;
			productName = despensafacilxUITests;
			productReference = 8A1EC6D31DDB619300316B60 /* despensafacilxUITests.xctest */;
			productType = "com.apple.product-type.bundle.ui-testing";
		};
/* End PBXNativeTarget section */

/* Begin PBXProject section */
		8A1EC6AC1DDB619300316B60 /* Project object */ = {
			isa = PBXProject;
			attributes = {
				LastSwiftUpdateCheck = 0730;
				LastUpgradeCheck = 0730;
				ORGANIZATIONNAME = "Diego Fonseca";
				TargetAttributes = {
					8A1EC6B31DDB619300316B60 = {
						CreatedOnToolsVersion = 7.3.1;
					};
					8A1EC6C71DDB619300316B60 = {
						CreatedOnToolsVersion = 7.3.1;
						TestTargetID = 8A1EC6B31DDB619300316B60;
					};
					8A1EC6D21DDB619300316B60 = {
						CreatedOnToolsVersion = 7.3.1;
						TestTargetID = 8A1EC6B31DDB619300316B60;
					};
				};
			};
			buildConfigurationList = 8A1EC6AF1DDB619300316B60 /* Build configuration list for PBXProject "despensafacilx" */;
			compatibilityVersion = "Xcode 3.2";
			developmentRegion = English;
			hasScannedForEncodings = 0;
			knownRegions = (
				en,
				Base,
			);
			mainGroup = 8A1EC6AB1DDB619300316B60;
			productRefGroup = 8A1EC6B51DDB619300316B60 /* Products */;
			projectDirPath = "";
			projectRoot = "";
			targets = (
				8A1EC6B31DDB619300316B60 /* despensafacilx */,
				8A1EC6C71DDB619300316B60 /* despensafacilxTests */,
				8A1EC6D21DDB619300316B60 /* despensafacilxUITests */,
			);
		};
/* End PBXProject section */

/* Begin PBXResourcesBuildPhase section */
		8A1EC6B21DDB619300316B60 /* Resources */ = {
			isa = PBXResourcesBuildPhase;
			buildActionMask = 2147483647;
			files = (
				8A1EC6C21DDB619300316B60 /* LaunchScreen.storyboard in Resources */,
				8A1EC6BF1DDB619300316B60 /* Assets.xcassets in Resources */,
				8A1EC6BD1DDB619300316B60 /* Main.storyboard in Resources */,
			);
			runOnlyForDeploymentPostprocessing = 0;
		};
		8A1EC6C61DDB619300316B60 /* Resources */ = {
			isa = PBXResourcesBuildPhase;
			buildActionMask = 2147483647;
			files = (
			);
			runOnlyForDeploymentPostprocessing = 0;
		};
		8A1EC6D11DDB619300316B60 /* Resources */ = {
			isa = PBXResourcesBuildPhase;
			buildActionMask = 2147483647;
			files = (
			);
			runOnlyForDeploymentPostprocessing = 0;
		};
/* End PBXResourcesBuildPhase section */

/* Begin PBXSourcesBuildPhase section */
		8A1EC6B01DDB619300316B60 /* Sources */ = {
			isa = PBXSourcesBuildPhase;
			buildActionMask = 2147483647;
			files = (
				8A1EC6BA1DDB619300316B60 /* ViewController.swift in Sources */,
				8A1EC6B81DDB619300316B60 /* AppDelegate.swift in Sources */,
			);
			runOnlyForDeploymentPostprocessing = 0;
		};
		8A1EC6C41DDB619300316B60 /* Sources */ = {
			isa = PBXSourcesBuildPhase;
			buildActionMask = 2147483647;
			files = (
				8A1EC6CD1DDB619300316B60 /* despensafacilxTests.swift in Sources */,
			);
			runOnlyForDeploymentPostprocessing = 0;
		};
		8A1EC6CF1DDB619300316B60 /* Sources */ = {
			isa = PBXSourcesBuildPhase;
			buildActionMask = 2147483647;
			files = (
				8A1EC6D81DDB619300316B60 /* despensafacilxUITests.swift in Sources */,
			);
			runOnlyForDeploymentPostprocessing = 0;
		};
/* End PBXSourcesBuildPhase section */

/* Begin PBXTargetDependency section */
		8A1EC6CA1DDB619300316B60 /* PBXTargetDependency */ = {
			isa = PBXTargetDependency;
			target = 8A1EC6B31DDB619300316B60 /* despensafacilx */;
			targetProxy = 8A1EC6C91DDB619300316B60 /* PBXContainerItemProxy */;
		};
		8A1EC6D51DDB619300316B60 /* PBXTargetDependency */ = {
			isa = PBXTargetDependency;
			target = 8A1EC6B31DDB619300316B60 /* despensafacilx */;
			targetProxy = 8A1EC6D41DDB619300316B60 /* PBXContainerItemProxy */;
		};
/* End PBXTargetDependency section */

/* Begin PBXVariantGroup section */
		8A1EC6BB1DDB619300316B60 /* Main.storyboard */ = {
			isa = PBXVariantGroup;
			children = (
				8A1EC6BC1DDB619300316B60 /* Base */,
			);
			name = Main.storyboard;
			sourceTree = "<group>";
		};
		8A1EC6C01DDB619300316B60 /* LaunchScreen.storyboard */ = {
			isa = PBXVariantGroup;
			children = (
				8A1EC6C11DDB619300316B60 /* Base */,
			);
			name = LaunchScreen.storyboard;
			sourceTree = "<group>";
		};
/* End PBXVariantGroup section */

/* Begin XCBuildConfiguration section */
		8A1EC6DA1DDB619300316B60 /* Debug */ = {
			isa = XCBuildConfiguration;
			buildSettings = {
				ALWAYS_SEARCH_USER_PATHS = NO;
				CLANG_ANALYZER_NONNULL = YES;
				CLANG_CXX_LANGUAGE_STANDARD = "gnu++0x";
				CLANG_CXX_LIBRARY = "libc++";
				CLANG_ENABLE_MODULES = YES;
				CLANG_ENABLE_OBJC_ARC = YES;
				CLANG_WARN_BOOL_CONVERSION = YES;
				CLANG_WARN_CONSTANT_CONVERSION = YES;
				CLANG_WARN_DIRECT_OBJC_ISA_USAGE = YES_ERROR;
				CLANG_WARN_EMPTY_BODY = YES;
				CLANG_WARN_ENUM_CONVERSION = YES;
				CLANG_WARN_INT_CONVERSION = YES;
				CLANG_WARN_OBJC_ROOT_CLASS = YES_ERROR;
				CLANG_WARN_UNREACHABLE_CODE = YES;
				CLANG_WARN__DUPLICATE_METHOD_MATCH = YES;
				"CODE_SIGN_IDENTITY[sdk=iphoneos*]" = "iPhone Developer";
				COPY_PHASE_STRIP = NO;
				DEBUG_INFORMATION_FORMAT = dwarf;
				ENABLE_STRICT_OBJC_MSGSEND = YES;
				ENABLE_TESTABILITY = YES;
				GCC_C_LANGUAGE_STANDARD = gnu99;
				GCC_DYNAMIC_NO_PIC = NO;
				GCC_NO_COMMON_BLOCKS = YES;
				GCC_OPTIMIZATION_LEVEL = 0;
				GCC_PREPROCESSOR_DEFINITIONS = (
					"DEBUG=1",
					"$(inherited)",
				);
				GCC_WARN_64_TO_32_BIT_CONVERSION = YES;
				GCC_WARN_ABOUT_RETURN_TYPE = YES_ERROR;
				GCC_WARN_UNDECLARED_SELECTOR = YES;
				GCC_WARN_UNINITIALIZED_AUTOS = YES_AGGRESSIVE;
				GCC_WARN_UNUSED_FUNCTION = YES;
				GCC_WARN_UNUSED_VARIABLE = YES;
				IPHONEOS_DEPLOYMENT_TARGET = 9.3;
				MTL_ENABLE_DEBUG_INFO = YES;
				ONLY_ACTIVE_ARCH = YES;
				SDKROOT = iphoneos;
				SWIFT_OPTIMIZATION_LEVEL = "-Onone";
				TARGETED_DEVICE_FAMILY = "1,2";
			};
			name = Debug;
		};
		8A1EC6DB1DDB619300316B60 /* Release */ = {
			isa = XCBuildConfiguration;
			buildSettings = {
				ALWAYS_SEARCH_USER_PATHS = NO;
				CLANG_ANALYZER_NONNULL = YES;
				CLANG_CXX_LANGUAGE_STANDARD = "gnu++0x";
				CLANG_CXX_LIBRARY = "libc++";
				CLANG_ENABLE_MODULES = YES;
				CLANG_ENABLE_OBJC_ARC = YES;
				CLANG_WARN_BOOL_CONVERSION = YES;
				CLANG_WARN_CONSTANT_CONVERSION = YES;
				CLANG_WARN_DIRECT_OBJC_ISA_USAGE = YES_ERROR;
				CLANG_WARN_EMPTY_BODY = YES;
				CLANG_WARN_ENUM_CONVERSION = YES;
				CLANG_WARN_INT_CONVERSION = YES;
				CLANG_WARN_OBJC_ROOT_CLASS = YES_ERROR;
				CLANG_WARN_UNREACHABLE_CODE = YES;
				CLANG_WARN__DUPLICATE_METHOD_MATCH = YES;
				"CODE_SIGN_IDENTITY[sdk=iphoneos*]" = "iPhone Developer";
				COPY_PHASE_STRIP = NO;
				DEBUG_INFORMATION_FORMAT = "dwarf-with-dsym";
				ENABLE_NS_ASSERTIONS = NO;
				ENABLE_STRICT_OBJC_MSGSEND = YES;
				GCC_C_LANGUAGE_STANDARD = gnu99;
				GCC_NO_COMMON_BLOCKS = YES;
				GCC_WARN_64_TO_32_BIT_CONVERSION = YES;
				GCC_WARN_ABOUT_RETURN_TYPE = YES_ERROR;
				GCC_WARN_UNDECLARED_SELECTOR = YES;
				GCC_WARN_UNINITIALIZED_AUTOS = YES_AGGRESSIVE;
				GCC_WARN_UNUSED_FUNCTION = YES;
				GCC_WARN_UNUSED_VARIABLE = YES;
				IPHONEOS_DEPLOYMENT_TARGET = 9.3;
				MTL_ENABLE_DEBUG_INFO = NO;
				SDKROOT = iphoneos;
				TARGETED_DEVICE_FAMILY = "1,2";
				VALIDATE_PRODUCT = YES;
			};
			name = Release;
		};
		8A1EC6DD1DDB619300316B60 /* Debug */ = {
			isa = XCBuildConfiguration;
			buildSettings = {
				ASSETCATALOG_COMPILER_APPICON_NAME = AppIcon;
				INFOPLIST_FILE = despensafacilx/Info.plist;
				LD_RUNPATH_SEARCH_PATHS = "$(inherited) @executable_path/Frameworks";
				PRODUCT_BUNDLE_IDENTIFIER = DCF.despensafacilx;
				PRODUCT_NAME = "$(TARGET_NAME)";
			};
			name = Debug;
		};
		8A1EC6DE1DDB619300316B60 /* Release */ = {
			isa = XCBuildConfiguration;
			buildSettings = {
				ASSETCATALOG_COMPILER_APPICON_NAME = AppIcon;
				INFOPLIST_FILE = despensafacilx/Info.plist;
				LD_RUNPATH_SEARCH_PATHS = "$(inherited) @executable_path/Frameworks";
				PRODUCT_BUNDLE_IDENTIFIER = DCF.despensafacilx;
				PRODUCT_NAME = "$(TARGET_NAME)";
			};
			name = Release;
		};
		8A1EC6E01DDB619300316B60 /* Debug */ = {
			isa = XCBuildConfiguration;
			buildSettings = {
				BUNDLE_LOADER = "$(TEST_HOST)";
				INFOPLIST_FILE = despensafacilxTests/Info.plist;
				LD_RUNPATH_SEARCH_PATHS = "$(inherited) @executable_path/Frameworks @loader_path/Frameworks";
				PRODUCT_BUNDLE_IDENTIFIER = DCF.despensafacilxTests;
				PRODUCT_NAME = "$(TARGET_NAME)";
				TEST_HOST = "$(BUILT_PRODUCTS_DIR)/despensafacilx.app/despensafacilx";
			};
			name = Debug;
		};
		8A1EC6E11DDB619300316B60 /* Release */ = {
			isa = XCBuildConfiguration;
			buildSettings = {
				BUNDLE_LOADER = "$(TEST_HOST)";
				INFOPLIST_FILE = despensafacilxTests/Info.plist;
				LD_RUNPATH_SEARCH_PATHS = "$(inherited) @executable_path/Frameworks @loader_path/Frameworks";
				PRODUCT_BUNDLE_IDENTIFIER = DCF.despensafacilxTests;
				PRODUCT_NAME = "$(TARGET_NAME)";
				TEST_HOST = "$(BUILT_PRODUCTS_DIR)/despensafacilx.app/despensafacilx";
			};
			name = Release;
		};
		8A1EC6E31DDB619300316B60 /* Debug */ = {
			isa = XCBuildConfiguration;
			buildSettings = {
				INFOPLIST_FILE = despensafacilxUITests/Info.plist;
				LD_RUNPATH_SEARCH_PATHS = "$(inherited) @executable_path/Frameworks @loader_path/Frameworks";
				PRODUCT_BUNDLE_IDENTIFIER = DCF.despensafacilxUITests;
				PRODUCT_NAME = "$(TARGET_NAME)";
				TEST_TARGET_NAME = despensafacilx;
			};
			name = Debug;
		};
		8A1EC6E41DDB619300316B60 /* Release */ = {
			isa = XCBuildConfiguration;
			buildSettings = {
				INFOPLIST_FILE = despensafacilxUITests/Info.plist;
				LD_RUNPATH_SEARCH_PATHS = "$(inherited) @executable_path/Frameworks @loader_path/Frameworks";
				PRODUCT_BUNDLE_IDENTIFIER = DCF.despensafacilxUITests;
				PRODUCT_NAME = "$(TARGET_NAME)";
				TEST_TARGET_NAME = despensafacilx;
			};
			name = Release;
		};
/* End XCBuildConfiguration section */

/* Begin XCConfigurationList section */
		8A1EC6AF1DDB619300316B60 /* Build configuration list for PBXProject "despensafacilx" */ = {
			isa = XCConfigurationList;
			buildConfigurations = (
				8A1EC6DA1DDB619300316B60 /* Debug */,
				8A1EC6DB1DDB619300316B60 /* Release */,
			);
			defaultConfigurationIsVisible = 0;
			defaultConfigurationName = Release;
		};
		8A1EC6DC1DDB619300316B60 /* Build configuration list for PBXNativeTarget "despensafacilx" */ = {
			isa = XCConfigurationList;
			buildConfigurations = (
				8A1EC6DD1DDB619300316B60 /* Debug */,
				8A1EC6DE1DDB619300316B60 /* Release */,
			);
			defaultConfigurationIsVisible = 0;
		};
		8A1EC6DF1DDB619300316B60 /* Build configuration list for PBXNativeTarget "despensafacilxTests" */ = {
			isa = XCConfigurationList;
			buildConfigurations = (
				8A1EC6E01DDB619300316B60 /* Debug */,
				8A1EC6E11DDB619300316B60 /* Release */,
			);
			defaultConfigurationIsVisible = 0;
		};
		8A1EC6E21DDB619300316B60 /* Build configuration list for PBXNativeTarget "despensafacilxUITests" */ = {
			isa = XCConfigurationList;
			buildConfigurations = (
				8A1EC6E31DDB619300316B60 /* Debug */,
				8A1EC6E41DDB619300316B60 /* Release */,
			);
			defaultConfigurationIsVisible = 0;
		};
/* End XCConfigurationList section */
	};
	rootObject = 8A1EC6AC1DDB619300316B60 /* Project object */;
}
